// !$*UTF8*$!
{
	archiveVersion = 1;
	classes = {
	};
	objectVersion = 77;
	objects = {

/* Begin PBXContainerItemProxy section */
		50684B512D66E0AE00D907B3 /* PBXContainerItemProxy */ = {
			isa = PBXContainerItemProxy;
			containerPortal = 50684B382D66E0AD00D907B3 /* Project object */;
			proxyType = 1;
			remoteGlobalIDString = 50684B3F2D66E0AD00D907B3;
			remoteInfo = applicacion1;
		};
		50684B5B2D66E0AE00D907B3 /* PBXContainerItemProxy */ = {
			isa = PBXContainerItemProxy;
			containerPortal = 50684B382D66E0AD00D907B3 /* Project object */;
			proxyType = 1;
			remoteGlobalIDString = 50684B3F2D66E0AD00D907B3;
			remoteInfo = applicacion1;
		};
/* End PBXContainerItemProxy section */

/* Begin PBXFileReference section */
		50684B402D66E0AD00D907B3 /* applicacion1.app */ = {isa = PBXFileReference; explicitFileType = wrapper.application; includeInIndex = 0; path = applicacion1.app; sourceTree = BUILT_PRODUCTS_DIR; };
		50684B502D66E0AE00D907B3 /* applicacion1Tests.xctest */ = {isa = PBXFileReference; explicitFileType = wrapper.cfbundle; includeInIndex = 0; path = applicacion1Tests.xctest; sourceTree = BUILT_PRODUCTS_DIR; };
		50684B5A2D66E0AE00D907B3 /* applicacion1UITests.xctest */ = {isa = PBXFileReference; explicitFileType = wrapper.cfbundle; includeInIndex = 0; path = applicacion1UITests.xctest; sourceTree = BUILT_PRODUCTS_DIR; };
/* End PBXFileReference section */

/* Begin PBXFileSystemSynchronizedRootGroup section */
		50684B422D66E0AD00D907B3 /* applicacion1 */ = {
			isa = PBXFileSystemSynchronizedRootGroup;
			path = applicacion1;
			sourceTree = "<group>";
		};
		50684B532D66E0AE00D907B3 /* applicacion1Tests */ = {
			isa = PBXFileSystemSynchronizedRootGroup;
			path = applicacion1Tests;
			sourceTree = "<group>";
		};
		50684B5D2D66E0AE00D907B3 /* applicacion1UITests */ = {
			isa = PBXFileSystemSynchronizedRootGroup;
			path = applicacion1UITests;
			sourceTree = "<group>";
		};
/* End PBXFileSystemSynchronizedRootGroup section */

/* Begin PBXFrameworksBuildPhase section */
		50684B3D2D66E0AD00D907B3 /* Frameworks */ = {
			isa = PBXFrameworksBuildPhase;
			buildActionMask = 2147483647;
			files = (
			);
			runOnlyForDeploymentPostprocessing = 0;
		};
		50684B4D2D66E0AE00D907B3 /* Frameworks */ = {
			isa = PBXFrameworksBuildPhase;
			buildActionMask = 2147483647;
			files = (
			);
			runOnlyForDeploymentPostprocessing = 0;
		};
		50684B572D66E0AE00D907B3 /* Frameworks */ = {
			isa = PBXFrameworksBuildPhase;
			buildActionMask = 2147483647;
			files = (
			);
			runOnlyForDeploymentPostprocessing = 0;
		};
/* End PBXFrameworksBuildPhase section */

/* Begin PBXGroup section */
		50684B372D66E0AD00D907B3 = {
			isa = PBXGroup;
			children = (
				50684B422D66E0AD00D907B3 /* applicacion1 */,
				50684B532D66E0AE00D907B3 /* applicacion1Tests */,
				50684B5D2D66E0AE00D907B3 /* applicacion1UITests */,
				50684B412D66E0AD00D907B3 /* Products */,
			);
			sourceTree = "<group>";
		};
		50684B412D66E0AD00D907B3 /* Products */ = {
			isa = PBXGroup;
			children = (
				50684B402D66E0AD00D907B3 /* applicacion1.app */,
				50684B502D66E0AE00D907B3 /* applicacion1Tests.xctest */,
				50684B5A2D66E0AE00D907B3 /* applicacion1UITests.xctest */,
			);
			name = Products;
			sourceTree = "<group>";
		};
/* End PBXGroup section */

/* Begin PBXNativeTarget section */
		50684B3F2D66E0AD00D907B3 /* applicacion1 */ = {
			isa = PBXNativeTarget;
			buildConfigurationList = 50684B642D66E0AE00D907B3 /* Build configuration list for PBXNativeTarget "applicacion1" */;
			buildPhases = (
				50684B3C2D66E0AD00D907B3 /* Sources */,
				50684B3D2D66E0AD00D907B3 /* Frameworks */,
				50684B3E2D66E0AD00D907B3 /* Resources */,
			);
			buildRules = (
			);
			dependencies = (
			);
			fileSystemSynchronizedGroups = (
				50684B422D66E0AD00D907B3 /* applicacion1 */,
			);
			name = applicacion1;
			packageProductDependencies = (
			);
			productName = applicacion1;
			productReference = 50684B402D66E0AD00D907B3 /* applicacion1.app */;
			productType = "com.apple.product-type.application";
		};
		50684B4F2D66E0AE00D907B3 /* applicacion1Tests */ = {
			isa = PBXNativeTarget;
			buildConfigurationList = 50684B672D66E0AE00D907B3 /* Build configuration list for PBXNativeTarget "applicacion1Tests" */;
			buildPhases = (
				50684B4C2D66E0AE00D907B3 /* Sources */,
				50684B4D2D66E0AE00D907B3 /* Frameworks */,
				50684B4E2D66E0AE00D907B3 /* Resources */,
			);
			buildRules = (
			);
			dependencies = (
				50684B522D66E0AE00D907B3 /* PBXTargetDependency */,
			);
			fileSystemSynchronizedGroups = (
				50684B532D66E0AE00D907B3 /* applicacion1Tests */,
			);
			name = applicacion1Tests;
			packageProductDependencies = (
			);
			productName = applicacion1Tests;
			productReference = 50684B502D66E0AE00D907B3 /* applicacion1Tests.xctest */;
			productType = "com.apple.product-type.bundle.unit-test";
		};
		50684B592D66E0AE00D907B3 /* applicacion1UITests */ = {
			isa = PBXNativeTarget;
			buildConfigurationList = 50684B6A2D66E0AE00D907B3 /* Build configuration list for PBXNativeTarget "applicacion1UITests" */;
			buildPhases = (
				50684B562D66E0AE00D907B3 /* Sources */,
				50684B572D66E0AE00D907B3 /* Frameworks */,
				50684B582D66E0AE00D907B3 /* Resources */,
			);
			buildRules = (
			);
			dependencies = (
				50684B5C2D66E0AE00D907B3 /* PBXTargetDependency */,
			);
			fileSystemSynchronizedGroups = (
				50684B5D2D66E0AE00D907B3 /* applicacion1UITests */,
			);
			name = applicacion1UITests;
			packageProductDependencies = (
			);
			productName = applicacion1UITests;
			productReference = 50684B5A2D66E0AE00D907B3 /* applicacion1UITests.xctest */;
			productType = "com.apple.product-type.bundle.ui-testing";
		};
/* End PBXNativeTarget section */

/* Begin PBXProject section */
		50684B382D66E0AD00D907B3 /* Project object */ = {
			isa = PBXProject;
			attributes = {
				BuildIndependentTargetsInParallel = 1;
				LastSwiftUpdateCheck = 1620;
				LastUpgradeCheck = 1620;
				TargetAttributes = {
					50684B3F2D66E0AD00D907B3 = {
						CreatedOnToolsVersion = 16.2;
					};
					50684B4F2D66E0AE00D907B3 = {
						CreatedOnToolsVersion = 16.2;
						TestTargetID = 50684B3F2D66E0AD00D907B3;
					};
					50684B592D66E0AE00D907B3 = {
						CreatedOnToolsVersion = 16.2;
						TestTargetID = 50684B3F2D66E0AD00D907B3;
					};
				};
			};
			buildConfigurationList = 50684B3B2D66E0AD00D907B3 /* Build configuration list for PBXProject "applicacion1" */;
			developmentRegion = en;
			hasScannedForEncodings = 0;
			knownRegions = (
				en,
				Base,
			);
			mainGroup = 50684B372D66E0AD00D907B3;
			minimizedProjectReferenceProxies = 1;
			preferredProjectObjectVersion = 77;
			productRefGroup = 50684B412D66E0AD00D907B3 /* Products */;
			projectDirPath = "";
			projectRoot = "";
			targets = (
				50684B3F2D66E0AD00D907B3 /* applicacion1 */,
				50684B4F2D66E0AE00D907B3 /* applicacion1Tests */,
				50684B592D66E0AE00D907B3 /* applicacion1UITests */,
			);
		};
/* End PBXProject section */

/* Begin PBXResourcesBuildPhase section */
		50684B3E2D66E0AD00D907B3 /* Resources */ = {
			isa = PBXResourcesBuildPhase;
			buildActionMask = 2147483647;
			files = (
			);
			runOnlyForDeploymentPostprocessing = 0;
		};
		50684B4E2D66E0AE00D907B3 /* Resources */ = {
			isa = PBXResourcesBuildPhase;
			buildActionMask = 2147483647;
			files = (
			);
			runOnlyForDeploymentPostprocessing = 0;
		};
		50684B582D66E0AE00D907B3 /* Resources */ = {
			isa = PBXResourcesBuildPhase;
			buildActionMask = 2147483647;
			files = (
			);
			runOnlyForDeploymentPostprocessing = 0;
		};
/* End PBXResourcesBuildPhase section */

/* Begin PBXSourcesBuildPhase section */
		50684B3C2D66E0AD00D907B3 /* Sources */ = {
			isa = PBXSourcesBuildPhase;
			buildActionMask = 2147483647;
			files = (
			);
			runOnlyForDeploymentPostprocessing = 0;
		};
		50684B4C2D66E0AE00D907B3 /* Sources */ = {
			isa = PBXSourcesBuildPhase;
			buildActionMask = 2147483647;
			files = (
			);
			runOnlyForDeploymentPostprocessing = 0;
		};
		50684B562D66E0AE00D907B3 /* Sources */ = {
			isa = PBXSourcesBuildPhase;
			buildActionMask = 2147483647;
			files = (
			);
			runOnlyForDeploymentPostprocessing = 0;
		};
/* End PBXSourcesBuildPhase section */

/* Begin PBXTargetDependency section */
		50684B522D66E0AE00D907B3 /* PBXTargetDependency */ = {
			isa = PBXTargetDependency;
			target = 50684B3F2D66E0AD00D907B3 /* applicacion1 */;
			targetProxy = 50684B512D66E0AE00D907B3 /* PBXContainerItemProxy */;
		};
		50684B5C2D66E0AE00D907B3 /* PBXTargetDependency */ = {
			isa = PBXTargetDependency;
			target = 50684B3F2D66E0AD00D907B3 /* applicacion1 */;
			targetProxy = 50684B5B2D66E0AE00D907B3 /* PBXContainerItemProxy */;
		};
/* End PBXTargetDependency section */

/* Begin XCBuildConfiguration section */
		50684B622D66E0AE00D907B3 /* Debug */ = {
			isa = XCBuildConfiguration;
			buildSettings = {
				ALWAYS_SEARCH_USER_PATHS = NO;
				ASSETCATALOG_COMPILER_GENERATE_SWIFT_ASSET_SYMBOL_EXTENSIONS = YES;
				CLANG_ANALYZER_NONNULL = YES;
				CLANG_ANALYZER_NUMBER_OBJECT_CONVERSION = YES_AGGRESSIVE;
				CLANG_CXX_LANGUAGE_STANDARD = "gnu++20";
				CLANG_ENABLE_MODULES = YES;
				CLANG_ENABLE_OBJC_ARC = YES;
				CLANG_ENABLE_OBJC_WEAK = YES;
				CLANG_WARN_BLOCK_CAPTURE_AUTORELEASING = YES;
				CLANG_WARN_BOOL_CONVERSION = YES;
				CLANG_WARN_COMMA = YES;
				CLANG_WARN_CONSTANT_CONVERSION = YES;
				CLANG_WARN_DEPRECATED_OBJC_IMPLEMENTATIONS = YES;
				CLANG_WARN_DIRECT_OBJC_ISA_USAGE = YES_ERROR;
				CLANG_WARN_DOCUMENTATION_COMMENTS = YES;
				CLANG_WARN_EMPTY_BODY = YES;
				CLANG_WARN_ENUM_CONVERSION = YES;
				CLANG_WARN_INFINITE_RECURSION = YES;
				CLANG_WARN_INT_CONVERSION = YES;
				CLANG_WARN_NON_LITERAL_NULL_CONVERSION = YES;
				CLANG_WARN_OBJC_IMPLICIT_RETAIN_SELF = YES;
				CLANG_WARN_OBJC_LITERAL_CONVERSION = YES;
				CLANG_WARN_OBJC_ROOT_CLASS = YES_ERROR;
				CLANG_WARN_QUOTED_INCLUDE_IN_FRAMEWORK_HEADER = YES;
				CLANG_WARN_RANGE_LOOP_ANALYSIS = YES;
				CLANG_WARN_STRICT_PROTOTYPES = YES;
				CLANG_WARN_SUSPICIOUS_MOVE = YES;
				CLANG_WARN_UNGUARDED_AVAILABILITY = YES_AGGRESSIVE;
				CLANG_WARN_UNREACHABLE_CODE = YES;
				CLANG_WARN__DUPLICATE_METHOD_MATCH = YES;
				COPY_PHASE_STRIP = NO;
				DEBUG_INFORMATION_FORMAT = dwarf;
				ENABLE_STRICT_OBJC_MSGSEND = YES;
				ENABLE_TESTABILITY = YES;
				ENABLE_USER_SCRIPT_SANDBOXING = YES;
				GCC_C_LANGUAGE_STANDARD = gnu17;
				GCC_DYNAMIC_NO_PIC = NO;
				GCC_NO_COMMON_BLOCKS = YES;
				GCC_OPTIMIZATION_LEVEL = 0;
				GCC_PREPROCESSOR_DEFINITIONS = (
					"DEBUG=1",
					"$(inherited)",
				);
				GCC_WARN_64_TO_32_BIT_CONVERSION = YES;
				GCC_WARN_ABOUT_RETURN_TYPE = YES_ERROR;
				GCC_WARN_UNDECLARED_SELECTOR = YES;
				GCC_WARN_UNINITIALIZED_AUTOS = YES_AGGRESSIVE;
				GCC_WARN_UNUSED_FUNCTION = YES;
				GCC_WARN_UNUSED_VARIABLE = YES;
				IPHONEOS_DEPLOYMENT_TARGET = 18.2;
				LOCALIZATION_PREFERS_STRING_CATALOGS = YES;
				MTL_ENABLE_DEBUG_INFO = INCLUDE_SOURCE;
				MTL_FAST_MATH = YES;
				ONLY_ACTIVE_ARCH = YES;
				SDKROOT = iphoneos;
				SWIFT_ACTIVE_COMPILATION_CONDITIONS = "DEBUG $(inherited)";
				SWIFT_OPTIMIZATION_LEVEL = "-Onone";
			};
			name = Debug;
		};
		50684B632D66E0AE00D907B3 /* Release */ = {
			isa = XCBuildConfiguration;
			buildSettings = {
				ALWAYS_SEARCH_USER_PATHS = NO;
				ASSETCATALOG_COMPILER_GENERATE_SWIFT_ASSET_SYMBOL_EXTENSIONS = YES;
				CLANG_ANALYZER_NONNULL = YES;
				CLANG_ANALYZER_NUMBER_OBJECT_CONVERSION = YES_AGGRESSIVE;
				CLANG_CXX_LANGUAGE_STANDARD = "gnu++20";
				CLANG_ENABLE_MODULES = YES;
				CLANG_ENABLE_OBJC_ARC = YES;
				CLANG_ENABLE_OBJC_WEAK = YES;
				CLANG_WARN_BLOCK_CAPTURE_AUTORELEASING = YES;
				CLANG_WARN_BOOL_CONVERSION = YES;
				CLANG_WARN_COMMA = YES;
				CLANG_WARN_CONSTANT_CONVERSION = YES;
				CLANG_WARN_DEPRECATED_OBJC_IMPLEMENTATIONS = YES;
				CLANG_WARN_DIRECT_OBJC_ISA_USAGE = YES_ERROR;
				CLANG_WARN_DOCUMENTATION_COMMENTS = YES;
				CLANG_WARN_EMPTY_BODY = YES;
				CLANG_WARN_ENUM_CONVERSION = YES;
				CLANG_WARN_INFINITE_RECURSION = YES;
				CLANG_WARN_INT_CONVERSION = YES;
				CLANG_WARN_NON_LITERAL_NULL_CONVERSION = YES;
				CLANG_WARN_OBJC_IMPLICIT_RETAIN_SELF = YES;
				CLANG_WARN_OBJC_LITERAL_CONVERSION = YES;
				CLANG_WARN_OBJC_ROOT_CLASS = YES_ERROR;
				CLANG_WARN_QUOTED_INCLUDE_IN_FRAMEWORK_HEADER = YES;
				CLANG_WARN_RANGE_LOOP_ANALYSIS = YES;
				CLANG_WARN_STRICT_PROTOTYPES = YES;
				CLANG_WARN_SUSPICIOUS_MOVE = YES;
				CLANG_WARN_UNGUARDED_AVAILABILITY = YES_AGGRESSIVE;
				CLANG_WARN_UNREACHABLE_CODE = YES;
				CLANG_WARN__DUPLICATE_METHOD_MATCH = YES;
				COPY_PHASE_STRIP = NO;
				DEBUG_INFORMATION_FORMAT = "dwarf-with-dsym";
				ENABLE_NS_ASSERTIONS = NO;
				ENABLE_STRICT_OBJC_MSGSEND = YES;
				ENABLE_USER_SCRIPT_SANDBOXING = YES;
				GCC_C_LANGUAGE_STANDARD = gnu17;
				GCC_NO_COMMON_BLOCKS = YES;
				GCC_WARN_64_TO_32_BIT_CONVERSION = YES;
				GCC_WARN_ABOUT_RETURN_TYPE = YES_ERROR;
				GCC_WARN_UNDECLARED_SELECTOR = YES;
				GCC_WARN_UNINITIALIZED_AUTOS = YES_AGGRESSIVE;
				GCC_WARN_UNUSED_FUNCTION = YES;
				GCC_WARN_UNUSED_VARIABLE = YES;
				IPHONEOS_DEPLOYMENT_TARGET = 18.2;
				LOCALIZATION_PREFERS_STRING_CATALOGS = YES;
				MTL_ENABLE_DEBUG_INFO = NO;
				MTL_FAST_MATH = YES;
				SDKROOT = iphoneos;
				SWIFT_COMPILATION_MODE = wholemodule;
				VALIDATE_PRODUCT = YES;
			};
			name = Release;
		};
		50684B652D66E0AE00D907B3 /* Debug */ = {
			isa = XCBuildConfiguration;
			buildSettings = {
				ASSETCATALOG_COMPILER_APPICON_NAME = AppIcon;
				ASSETCATALOG_COMPILER_GLOBAL_ACCENT_COLOR_NAME = AccentColor;
				CODE_SIGN_STYLE = Automatic;
				CURRENT_PROJECT_VERSION = 1;
				DEVELOPMENT_ASSET_PATHS = "\"applicacion1/Preview Content\"";
				ENABLE_PREVIEWS = YES;
				GENERATE_INFOPLIST_FILE = YES;
				INFOPLIST_KEY_UIApplicationSceneManifest_Generation = YES;
				INFOPLIST_KEY_UIApplicationSupportsIndirectInputEvents = YES;
				INFOPLIST_KEY_UILaunchScreen_Generation = YES;
				INFOPLIST_KEY_UISupportedInterfaceOrientations_iPad = "UIInterfaceOrientationPortrait UIInterfaceOrientationPortraitUpsideDown UIInterfaceOrientationLandscapeLeft UIInterfaceOrientationLandscapeRight";
				INFOPLIST_KEY_UISupportedInterfaceOrientations_iPhone = "UIInterfaceOrientationPortrait UIInterfaceOrientationLandscapeLeft UIInterfaceOrientationLandscapeRight";
				LD_RUNPATH_SEARCH_PATHS = (
					"$(inherited)",
					"@executable_path/Frameworks",
				);
				MARKETING_VERSION = 1.0;
				PRODUCT_BUNDLE_IDENTIFIER = CatalinaZ.applicacion1;
				PRODUCT_NAME = "$(TARGET_NAME)";
				SWIFT_EMIT_LOC_STRINGS = YES;
				SWIFT_VERSION = 5.0;
				TARGETED_DEVICE_FAMILY = "1,2";
			};
			name = Debug;
		};
		50684B662D66E0AE00D907B3 /* Release */ = {
			isa = XCBuildConfiguration;
			buildSettings = {
				ASSETCATALOG_COMPILER_APPICON_NAME = AppIcon;
				ASSETCATALOG_COMPILER_GLOBAL_ACCENT_COLOR_NAME = AccentColor;
				CODE_SIGN_STYLE = Automatic;
				CURRENT_PROJECT_VERSION = 1;
				DEVELOPMENT_ASSET_PATHS = "\"applicacion1/Preview Content\"";
				ENABLE_PREVIEWS = YES;
				GENERATE_INFOPLIST_FILE = YES;
				INFOPLIST_KEY_UIApplicationSceneManifest_Generation = YES;
				INFOPLIST_KEY_UIApplicationSupportsIndirectInputEvents = YES;
				INFOPLIST_KEY_UILaunchScreen_Generation = YES;
				INFOPLIST_KEY_UISupportedInterfaceOrientations_iPad = "UIInterfaceOrientationPortrait UIInterfaceOrientationPortraitUpsideDown UIInterfaceOrientationLandscapeLeft UIInterfaceOrientationLandscapeRight";
				INFOPLIST_KEY_UISupportedInterfaceOrientations_iPhone = "UIInterfaceOrientationPortrait UIInterfaceOrientationLandscapeLeft UIInterfaceOrientationLandscapeRight";
				LD_RUNPATH_SEARCH_PATHS = (
					"$(inherited)",
					"@executable_path/Frameworks",
				);
				MARKETING_VERSION = 1.0;
				PRODUCT_BUNDLE_IDENTIFIER = CatalinaZ.applicacion1;
				PRODUCT_NAME = "$(TARGET_NAME)";
				SWIFT_EMIT_LOC_STRINGS = YES;
				SWIFT_VERSION = 5.0;
				TARGETED_DEVICE_FAMILY = "1,2";
			};
			name = Release;
		};
		50684B682D66E0AE00D907B3 /* Debug */ = {
			isa = XCBuildConfiguration;
			buildSettings = {
				BUNDLE_LOADER = "$(TEST_HOST)";
				CODE_SIGN_STYLE = Automatic;
				CURRENT_PROJECT_VERSION = 1;
				GENERATE_INFOPLIST_FILE = YES;
				IPHONEOS_DEPLOYMENT_TARGET = 18.2;
				MARKETING_VERSION = 1.0;
				PRODUCT_BUNDLE_IDENTIFIER = CatalinaZ.applicacion1Tests;
				PRODUCT_NAME = "$(TARGET_NAME)";
				SWIFT_EMIT_LOC_STRINGS = NO;
				SWIFT_VERSION = 5.0;
				TARGETED_DEVICE_FAMILY = "1,2";
				TEST_HOST = "$(BUILT_PRODUCTS_DIR)/applicacion1.app/$(BUNDLE_EXECUTABLE_FOLDER_PATH)/applicacion1";
			};
			name = Debug;
		};
		50684B692D66E0AE00D907B3 /* Release */ = {
			isa = XCBuildConfiguration;
			buildSettings = {
				BUNDLE_LOADER = "$(TEST_HOST)";
				CODE_SIGN_STYLE = Automatic;
				CURRENT_PROJECT_VERSION = 1;
				GENERATE_INFOPLIST_FILE = YES;
				IPHONEOS_DEPLOYMENT_TARGET = 18.2;
				MARKETING_VERSION = 1.0;
				PRODUCT_BUNDLE_IDENTIFIER = CatalinaZ.applicacion1Tests;
				PRODUCT_NAME = "$(TARGET_NAME)";
				SWIFT_EMIT_LOC_STRINGS = NO;
				SWIFT_VERSION = 5.0;
				TARGETED_DEVICE_FAMILY = "1,2";
				TEST_HOST = "$(BUILT_PRODUCTS_DIR)/applicacion1.app/$(BUNDLE_EXECUTABLE_FOLDER_PATH)/applicacion1";
			};
			name = Release;
		};
		50684B6B2D66E0AE00D907B3 /* Debug */ = {
			isa = XCBuildConfiguration;
			buildSettings = {
				CODE_SIGN_STYLE = Automatic;
				CURRENT_PROJECT_VERSION = 1;
				GENERATE_INFOPLIST_FILE = YES;
				MARKETING_VERSION = 1.0;
				PRODUCT_BUNDLE_IDENTIFIER = CatalinaZ.applicacion1UITests;
				PRODUCT_NAME = "$(TARGET_NAME)";
				SWIFT_EMIT_LOC_STRINGS = NO;
				SWIFT_VERSION = 5.0;
				TARGETED_DEVICE_FAMILY = "1,2";
				TEST_TARGET_NAME = applicacion1;
			};
			name = Debug;
		};
		50684B6C2D66E0AE00D907B3 /* Release */ = {
			isa = XCBuildConfiguration;
			buildSettings = {
				CODE_SIGN_STYLE = Automatic;
				CURRENT_PROJECT_VERSION = 1;
				GENERATE_INFOPLIST_FILE = YES;
				MARKETING_VERSION = 1.0;
				PRODUCT_BUNDLE_IDENTIFIER = CatalinaZ.applicacion1UITests;
				PRODUCT_NAME = "$(TARGET_NAME)";
				SWIFT_EMIT_LOC_STRINGS = NO;
				SWIFT_VERSION = 5.0;
				TARGETED_DEVICE_FAMILY = "1,2";
				TEST_TARGET_NAME = applicacion1;
			};
			name = Release;
		};
/* End XCBuildConfiguration section */

/* Begin XCConfigurationList section */
		50684B3B2D66E0AD00D907B3 /* Build configuration list for PBXProject "applicacion1" */ = {
			isa = XCConfigurationList;
			buildConfigurations = (
				50684B622D66E0AE00D907B3 /* Debug */,
				50684B632D66E0AE00D907B3 /* Release */,
			);
			defaultConfigurationIsVisible = 0;
			defaultConfigurationName = Release;
		};
		50684B642D66E0AE00D907B3 /* Build configuration list for PBXNativeTarget "applicacion1" */ = {
			isa = XCConfigurationList;
			buildConfigurations = (
				50684B652D66E0AE00D907B3 /* Debug */,
				50684B662D66E0AE00D907B3 /* Release */,
			);
			defaultConfigurationIsVisible = 0;
			defaultConfigurationName = Release;
		};
		50684B672D66E0AE00D907B3 /* Build configuration list for PBXNativeTarget "applicacion1Tests" */ = {
			isa = XCConfigurationList;
			buildConfigurations = (
				50684B682D66E0AE00D907B3 /* Debug */,
				50684B692D66E0AE00D907B3 /* Release */,
			);
			defaultConfigurationIsVisible = 0;
			defaultConfigurationName = Release;
		};
		50684B6A2D66E0AE00D907B3 /* Build configuration list for PBXNativeTarget "applicacion1UITests" */ = {
			isa = XCConfigurationList;
			buildConfigurations = (
				50684B6B2D66E0AE00D907B3 /* Debug */,
				50684B6C2D66E0AE00D907B3 /* Release */,
			);
			defaultConfigurationIsVisible = 0;
			defaultConfigurationName = Release;
		};
/* End XCConfigurationList section */
	};
	rootObject = 50684B382D66E0AD00D907B3 /* Project object */;
}
